github.com/ALTree/bigfloat v0.2.0 h1:AwNzawrpFuw55/YDVlcPw0F0cmmXrmngBHhVrvdXPvM=
github.com/ALTree/bigfloat v0.2.0/go.mod h1:+NaH2gLeY6RPBPPQf4aRotPPStg+eXc8f9ZaE4vRfD4=
gonum.org/v1/gonum v0.15.1 h1:FNy7N6OUZVUaWG9pTiD+jlhdQ3lMP+/LcTpJ6+a8sQ0=
gonum.org/v1/gonum v0.15.1/go.mod h1:eZTZuRFrzu5pcyjN5wJhcIhnUdNijYxX1T2IcrOGY0o=
